
Microsoft Visual Studio Solution File, Format Version 12.00
# Visual Studio Version 16
VisualStudioVersion = 16.0.29006.145
MinimumVisualStudioVersion = 10.0.40219.1
Project("{FAE04EC0-301F-11D3-BF4B-00C04F79EFBC}") = "MP_2EXAudio", "MP_2EXAudio\MP_2EXAudio.csproj", "{6A9E6B6C-429D-4BB5-9065-1C396AF5C4F9}"
EndProject
Project("{FAE04EC0-301F-11D3-BF4B-00C04F79EFBC}") = "MP_ChangeTSYOUTUBE", "MP_ChangeTSYOUTUBE\MP_ChangeTSYOUTUBE.csproj", "{1370C326-EC28-4863-A597-41F16740A6DE}"
EndProject
Project("{FAE04EC0-301F-11D3-BF4B-00C04F79EFBC}") = "MP_DevExspressTest", "MP_DevExspressTest\MP_DevExspressTest.csproj", "{CA21DC8D-C083-4780-9DA6-C4198327ECEE}"
EndProject
Project("{FAE04EC0-301F-11D3-BF4B-00C04F79EFBC}") = "MP_EtereTrancodingProblem", "MP_EtereTrancodingProblem\MP_EtereTrancodingProblem.csproj", "{7915E68B-7133-4851-8BEF-1B6F11E92FE9}"
EndProject
Project("{FAE04EC0-301F-11D3-BF4B-00C04F79EFBC}") = "MP_ExTrueObjectsPid", "MP_ExTrueObjectsPid\MP_ExTrueObjectsPid.csproj", "{9B575721-CEF9-4BBE-B26E-0626504638AE}"
EndProject
Project("{FAE04EC0-301F-11D3-BF4B-00C04F79EFBC}") = "MP_fastTranscoding", "MP_fastTranscoding\MP_fastTranscoding.csproj", "{60EBBB9A-836E-4838-B2A8-399B16A9D2AD}"
EndProject
Project("{FAE04EC0-301F-11D3-BF4B-00C04F79EFBC}") = "MP_FileEventTest", "MP_FileEventTest\MP_FileEventTest.csproj", "{D10A967F-A80D-452B-ADC1-129A6902CE09}"
EndProject
Project("{FAE04EC0-301F-11D3-BF4B-00C04F79EFBC}") = "MP_FileReadCC", "MP_FileReadCC\MP_FileReadCC.csproj", "{99CC7516-680A-45F3-BA4D-4C7385527A63}"
EndProject
Project("{FAE04EC0-301F-11D3-BF4B-00C04F79EFBC}") = "MP_GetBytes", "MP_GetBytes\MP_GetBytes.csproj", "{CB7EE34B-46BB-4F86-8428-9F0A4BE587F8}"
EndProject
Project("{FAE04EC0-301F-11D3-BF4B-00C04F79EFBC}") = "MP_GPU_CGissue", "MP_GPU_CGissue\MP_GPU_CGissue.csproj", "{CF064FDD-5AD6-45D2-AC82-BA594B9E2EEB}"
EndProject
Project("{FAE04EC0-301F-11D3-BF4B-00C04F79EFBC}") = "MP_liveExternal", "MP_liveExternal\MP_liveExternal.csproj", "{D4EF7770-7EC1-4C4B-9D35-F883AA09996C}"
EndProject
Project("{FAE04EC0-301F-11D3-BF4B-00C04F79EFBC}") = "MP_MDI", "MP_MDI\MP_MDI.csproj", "{84B46518-6204-40D2-B072-92B96E5A3608}"
EndProject
Project("{FAE04EC0-301F-11D3-BF4B-00C04F79EFBC}") = "MP_MixerLineProblem", "MP_MixerLineProblem\MP_MixerLineProblem.csproj", "{09DF4BF7-48B5-41FD-A2A1-5678EEDEC2A6}"
EndProject
Project("{FAE04EC0-301F-11D3-BF4B-00C04F79EFBC}") = "MP_MixerWithMFileAsMpLinksWithCEF", "MP_MixerWithMFileAsMpLinksWithCEF\MP_MixerWithMFileAsMpLinksWithCEF.csproj", "{F42C921D-571B-463E-9E1D-1FF5B48492E4}"
EndProject
Project("{FAE04EC0-301F-11D3-BF4B-00C04F79EFBC}") = "MP_mpLinksVideoSize", "MP_mpLinksVideoSize\MP_mpLinksVideoSize.csproj", "{6CAC448E-8F31-4F55-B7B1-E248E4FB8A68}"
EndProject
Project("{FAE04EC0-301F-11D3-BF4B-00C04F79EFBC}") = "MP_PlaylistArabicNames", "MP_PlaylistArabicNames\MP_PlaylistArabicNames.csproj", "{27DE52D9-B36F-4BD3-9559-38BCDF1402EC}"
EndProject
Project("{FAE04EC0-301F-11D3-BF4B-00C04F79EFBC}") = "MP_PlaylistDelayIssue", "MP_PlaylistDelayIssue\MP_PlaylistDelayIssue.csproj", "{9ECE523C-DDBA-410B-B2E2-31EE9E54AAF3}"
EndProject
Project("{FAE04EC0-301F-11D3-BF4B-00C04F79EFBC}") = "MP_SimpleMixer", "MP_SimpleMixer\MP_SimpleMixer.csproj", "{2490184D-E94D-4EBD-877D-CBE815E6D055}"
EndProject
Project("{FAE04EC0-301F-11D3-BF4B-00C04F79EFBC}") = "MP_WriterBug", "MP_WriterBug\MP_WriterBug.csproj", "{4E6067A0-BFE3-4800-B4B8-D760F776FFD4}"
EndProject
Project("{FAE04EC0-301F-11D3-BF4B-00C04F79EFBC}") = "MP_WrongTimeCode_Etere31735", "MP_WrongTimeCode_Etere31735\MP_WrongTimeCode_Etere31735.csproj", "{BFED4BB9-0AAE-47C8-AC30-4D3C6CB31251}"
EndProject
Project("{FAE04EC0-301F-11D3-BF4B-00C04F79EFBC}") = "MP_Ren", "MP_Ren\MP_Ren.csproj", "{2A369533-2275-44D9-BD73-C9406113F47F}"
EndProject
Project("{FAE04EC0-301F-11D3-BF4B-00C04F79EFBC}") = "MP_EtereDPX_32828", "MP_EtereDPX_32828\MP_EtereDPX_32828.csproj", "{A525A34F-79FA-4B9C-8045-3C8E8761597C}"
EndProject
Project("{FAE04EC0-301F-11D3-BF4B-00C04F79EFBC}") = "MP_WriterLongTest_31929", "MP_WriterLongTest_31929\MP_WriterLongTest_31929.csproj", "{6FB93CA8-FB10-4F17-AD01-7C14C467D6D6}"
EndProject
Project("{FAE04EC0-301F-11D3-BF4B-00C04F79EFBC}") = "MP_LicenseCheck", "MP_LicenseCheck\MP_LicenseCheck.csproj", "{4E5A5266-3AAE-42C5-8D80-AB757D20BACB}"
EndProject
Project("{FAE04EC0-301F-11D3-BF4B-00C04F79EFBC}") = "MP_DelayMixerSample", "MP_DelayMixer Sample\MP_DelayMixerSample.csproj", "{7160FB8C-C48A-4A2E-933E-25821AA85A9A}"
EndProject
Project("{F184B08F-C81C-45F6-A57F-5ABD9991F28F}") = "MP_FastTranswrappingVB", "MP_FastTranswrapping\MP_FastTranswrappingVB.vbproj", "{581E1C25-831F-4C93-9D1A-AF8E3A61EDF9}"
EndProject
Project("{FAE04EC0-301F-11D3-BF4B-00C04F79EFBC}") = "MP_SCTE35Sender", "MP_Internal Playlist Sample SCTE sender\MP_SCTE35Sender.csproj", "{F38E5C96-5A12-48AB-AD86-2CF1379F8990}"
EndProject
Project("{FAE04EC0-301F-11D3-BF4B-00C04F79EFBC}") = "MP_PreviewIssue_1256", "MP_PreviewIssue_1256\MP_PreviewIssue_1256.csproj", "{2C87EAA2-696F-4EDD-9B9F-B9EF68C658E3}"
EndProject
Project("{FAE04EC0-301F-11D3-BF4B-00C04F79EFBC}") = "MP_CororConvertinWithMatrixTransformation", "MP_CororConvertinWithMatrixTransformation\MP_CororConvertinWithMatrixTransformation.csproj", "{E85966C0-B7BA-46AA-98E0-514610A13572}"
EndProject
Project("{FAE04EC0-301F-11D3-BF4B-00C04F79EFBC}") = "MP_CheckLanActivity", "MP_CheckLanActivity\MP_CheckLanActivity.csproj", "{6A1ACD7C-AA5F-4E8B-B4B5-486E9AF87D96}"
EndProject
Project("{FAE04EC0-301F-11D3-BF4B-00C04F79EFBC}") = "MP_NewMDelaySample", "MP_NewMDelaySample\MP_NewMDelaySample.csproj", "{1E19322C-A91F-4EDC-98A6-30E0DBFC39BF}"
EndProject
Project("{FAE04EC0-301F-11D3-BF4B-00C04F79EFBC}") = "MP_ProblemWithAudioChannelsSet", "MP_ProblemWithAudioChannelsSet\MP_ProblemWithAudioChannelsSet.csproj", "{6D91029A-BA5E-44B8-B7A9-E707FFB71B71}"
EndProject
Project("{FAE04EC0-301F-11D3-BF4B-00C04F79EFBC}") = "MP_ChangeObjectNameAndReceiveMPLink", "MP_ChangeObjectNameAndReceiveMPLink\MP_ChangeObjectNameAndReceiveMPLink.csproj", "{5610F8D5-A104-426D-9E88-1DD49153AEF3}"
EndProject
Project("{FAE04EC0-301F-11D3-BF4B-00C04F79EFBC}") = "MP_ConfigGetCountCheck", "MP_ConfigGetCountCheck\MP_ConfigGetCountCheck.csproj", "{8F278531-1A22-4562-8401-2006300496AD}"
EndProject
Project("{FAE04EC0-301F-11D3-BF4B-00C04F79EFBC}") = "MP_CheckTheNameSetSpeed", "MP_CheckTheNameSetSpeed\MP_CheckTheNameSetSpeed.csproj", "{6491575F-AA16-4FF5-9671-93A2633A1826}"
EndProject
Project("{FAE04EC0-301F-11D3-BF4B-00C04F79EFBC}") = "DShow_GetDevicesAndFormats", "DShow_GetDevicesAndFormats\DShow_GetDevicesAndFormats.csproj", "{CD5301BC-3BEA-4A01-AFAC-73C1270F15CE}"
EndProject
Project("{FAE04EC0-301F-11D3-BF4B-00C04F79EFBC}") = "MP_GetAllDevices", "MP_GetAllDevices\MP_GetAllDevices.csproj", "{6F5E1AA5-6F1A-4AF6-AA4A-EBBBC5AD52D2}"
EndProject
Project("{FAE04EC0-301F-11D3-BF4B-00C04F79EFBC}") = "RedistributionMPlatform", "RedistributionMaker_MPlatform\RedistributionMPlatform.csproj", "{3C732FB0-7AC6-4B2C-9047-3AE6BB8C7CD3}"
EndProject
Project("{FAE04EC0-301F-11D3-BF4B-00C04F79EFBC}") = "S_RemoveTemFiles", "S_RemoveTemFiles\S_RemoveTemFiles.csproj", "{F515B85D-CF7B-4EA3-AC35-340A23875430}"
EndProject
Project("{FAE04EC0-301F-11D3-BF4B-00C04F79EFBC}") = "MP_ticket34008", "MP_ticket34008\MP_ticket34008.csproj", "{83E4A4F7-1C02-4FC8-BB66-3EFF8F62624F}"
EndProject
Project("{FAE04EC0-301F-11D3-BF4B-00C04F79EFBC}") = "MP-1563", "MP-1563\MP-1563.csproj", "{9E5F735F-6F03-46EF-ACFB-1E2F410E1045}"
EndProject
Project("{FAE04EC0-301F-11D3-BF4B-00C04F79EFBC}") = "S_DetectTheRDC", "S_DetectTheRDC\S_DetectTheRDC.csproj", "{FB186D21-5500-493F-9EDF-CFCD97213427}"
EndProject
Project("{FAE04EC0-301F-11D3-BF4B-00C04F79EFBC}") = "S_BuildServerWatcher", "S_BuildServerWatcher\S_BuildServerWatcher.csproj", "{FCEDA311-BC35-44E4-BAD0-8DAB6ED11BA8}"
EndProject
Project("{FAE04EC0-301F-11D3-BF4B-00C04F79EFBC}") = "S_Console3TestBSWatcher", "S_Console3TestBSWatcher\S_Console3TestBSWatcher.csproj", "{E22EC80C-B828-47E3-920B-D3EC2419E836}"
EndProject
Project("{FAE04EC0-301F-11D3-BF4B-00C04F79EFBC}") = "S_thereCanBeOnlyOne", "S_thereCanBeOnlyOne\S_thereCanBeOnlyOne.csproj", "{C87D7193-D026-4C49-9B4C-3FB69372C540}"
EndProject
Global
	GlobalSection(SolutionConfigurationPlatforms) = preSolution
		Debug|Any CPU = Debug|Any CPU
		Debug|x64 = Debug|x64
		Debug|x86 = Debug|x86
		Release|Any CPU = Release|Any CPU
		Release|x64 = Release|x64
		Release|x86 = Release|x86
	EndGlobalSection
	GlobalSection(ProjectConfigurationPlatforms) = postSolution
		{6A9E6B6C-429D-4BB5-9065-1C396AF5C4F9}.Debug|Any CPU.ActiveCfg = Debug|Any CPU
		{6A9E6B6C-429D-4BB5-9065-1C396AF5C4F9}.Debug|Any CPU.Build.0 = Debug|Any CPU
		{6A9E6B6C-429D-4BB5-9065-1C396AF5C4F9}.Debug|x64.ActiveCfg = Debug|Any CPU
		{6A9E6B6C-429D-4BB5-9065-1C396AF5C4F9}.Debug|x64.Build.0 = Debug|Any CPU
		{6A9E6B6C-429D-4BB5-9065-1C396AF5C4F9}.Debug|x86.ActiveCfg = Debug|Any CPU
		{6A9E6B6C-429D-4BB5-9065-1C396AF5C4F9}.Debug|x86.Build.0 = Debug|Any CPU
		{6A9E6B6C-429D-4BB5-9065-1C396AF5C4F9}.Release|Any CPU.ActiveCfg = Release|Any CPU
		{6A9E6B6C-429D-4BB5-9065-1C396AF5C4F9}.Release|Any CPU.Build.0 = Release|Any CPU
		{6A9E6B6C-429D-4BB5-9065-1C396AF5C4F9}.Release|x64.ActiveCfg = Release|Any CPU
		{6A9E6B6C-429D-4BB5-9065-1C396AF5C4F9}.Release|x64.Build.0 = Release|Any CPU
		{6A9E6B6C-429D-4BB5-9065-1C396AF5C4F9}.Release|x86.ActiveCfg = Release|Any CPU
		{6A9E6B6C-429D-4BB5-9065-1C396AF5C4F9}.Release|x86.Build.0 = Release|Any CPU
		{1370C326-EC28-4863-A597-41F16740A6DE}.Debug|Any CPU.ActiveCfg = Debug|Any CPU
		{1370C326-EC28-4863-A597-41F16740A6DE}.Debug|Any CPU.Build.0 = Debug|Any CPU
		{1370C326-EC28-4863-A597-41F16740A6DE}.Debug|x64.ActiveCfg = Debug|Any CPU
		{1370C326-EC28-4863-A597-41F16740A6DE}.Debug|x64.Build.0 = Debug|Any CPU
		{1370C326-EC28-4863-A597-41F16740A6DE}.Debug|x86.ActiveCfg = Debug|Any CPU
		{1370C326-EC28-4863-A597-41F16740A6DE}.Debug|x86.Build.0 = Debug|Any CPU
		{1370C326-EC28-4863-A597-41F16740A6DE}.Release|Any CPU.ActiveCfg = Release|Any CPU
		{1370C326-EC28-4863-A597-41F16740A6DE}.Release|Any CPU.Build.0 = Release|Any CPU
		{1370C326-EC28-4863-A597-41F16740A6DE}.Release|x64.ActiveCfg = Release|Any CPU
		{1370C326-EC28-4863-A597-41F16740A6DE}.Release|x64.Build.0 = Release|Any CPU
		{1370C326-EC28-4863-A597-41F16740A6DE}.Release|x86.ActiveCfg = Release|Any CPU
		{1370C326-EC28-4863-A597-41F16740A6DE}.Release|x86.Build.0 = Release|Any CPU
		{CA21DC8D-C083-4780-9DA6-C4198327ECEE}.Debug|Any CPU.ActiveCfg = Debug|Any CPU
		{CA21DC8D-C083-4780-9DA6-C4198327ECEE}.Debug|Any CPU.Build.0 = Debug|Any CPU
		{CA21DC8D-C083-4780-9DA6-C4198327ECEE}.Debug|x64.ActiveCfg = Debug|Any CPU
		{CA21DC8D-C083-4780-9DA6-C4198327ECEE}.Debug|x64.Build.0 = Debug|Any CPU
		{CA21DC8D-C083-4780-9DA6-C4198327ECEE}.Debug|x86.ActiveCfg = Debug|Any CPU
		{CA21DC8D-C083-4780-9DA6-C4198327ECEE}.Debug|x86.Build.0 = Debug|Any CPU
		{CA21DC8D-C083-4780-9DA6-C4198327ECEE}.Release|Any CPU.ActiveCfg = Release|Any CPU
		{CA21DC8D-C083-4780-9DA6-C4198327ECEE}.Release|Any CPU.Build.0 = Release|Any CPU
		{CA21DC8D-C083-4780-9DA6-C4198327ECEE}.Release|x64.ActiveCfg = Release|Any CPU
		{CA21DC8D-C083-4780-9DA6-C4198327ECEE}.Release|x64.Build.0 = Release|Any CPU
		{CA21DC8D-C083-4780-9DA6-C4198327ECEE}.Release|x86.ActiveCfg = Release|Any CPU
		{CA21DC8D-C083-4780-9DA6-C4198327ECEE}.Release|x86.Build.0 = Release|Any CPU
		{7915E68B-7133-4851-8BEF-1B6F11E92FE9}.Debug|Any CPU.ActiveCfg = Debug|Any CPU
		{7915E68B-7133-4851-8BEF-1B6F11E92FE9}.Debug|Any CPU.Build.0 = Debug|Any CPU
		{7915E68B-7133-4851-8BEF-1B6F11E92FE9}.Debug|x64.ActiveCfg = Debug|Any CPU
		{7915E68B-7133-4851-8BEF-1B6F11E92FE9}.Debug|x64.Build.0 = Debug|Any CPU
		{7915E68B-7133-4851-8BEF-1B6F11E92FE9}.Debug|x86.ActiveCfg = Debug|Any CPU
		{7915E68B-7133-4851-8BEF-1B6F11E92FE9}.Debug|x86.Build.0 = Debug|Any CPU
		{7915E68B-7133-4851-8BEF-1B6F11E92FE9}.Release|Any CPU.ActiveCfg = Release|Any CPU
		{7915E68B-7133-4851-8BEF-1B6F11E92FE9}.Release|Any CPU.Build.0 = Release|Any CPU
		{7915E68B-7133-4851-8BEF-1B6F11E92FE9}.Release|x64.ActiveCfg = Release|Any CPU
		{7915E68B-7133-4851-8BEF-1B6F11E92FE9}.Release|x64.Build.0 = Release|Any CPU
		{7915E68B-7133-4851-8BEF-1B6F11E92FE9}.Release|x86.ActiveCfg = Release|Any CPU
		{7915E68B-7133-4851-8BEF-1B6F11E92FE9}.Release|x86.Build.0 = Release|Any CPU
		{9B575721-CEF9-4BBE-B26E-0626504638AE}.Debug|Any CPU.ActiveCfg = Debug|Any CPU
		{9B575721-CEF9-4BBE-B26E-0626504638AE}.Debug|Any CPU.Build.0 = Debug|Any CPU
		{9B575721-CEF9-4BBE-B26E-0626504638AE}.Debug|x64.ActiveCfg = Debug|Any CPU
		{9B575721-CEF9-4BBE-B26E-0626504638AE}.Debug|x64.Build.0 = Debug|Any CPU
		{9B575721-CEF9-4BBE-B26E-0626504638AE}.Debug|x86.ActiveCfg = Debug|Any CPU
		{9B575721-CEF9-4BBE-B26E-0626504638AE}.Debug|x86.Build.0 = Debug|Any CPU
		{9B575721-CEF9-4BBE-B26E-0626504638AE}.Release|Any CPU.ActiveCfg = Release|Any CPU
		{9B575721-CEF9-4BBE-B26E-0626504638AE}.Release|Any CPU.Build.0 = Release|Any CPU
		{9B575721-CEF9-4BBE-B26E-0626504638AE}.Release|x64.ActiveCfg = Release|Any CPU
		{9B575721-CEF9-4BBE-B26E-0626504638AE}.Release|x64.Build.0 = Release|Any CPU
		{9B575721-CEF9-4BBE-B26E-0626504638AE}.Release|x86.ActiveCfg = Release|Any CPU
		{9B575721-CEF9-4BBE-B26E-0626504638AE}.Release|x86.Build.0 = Release|Any CPU
		{60EBBB9A-836E-4838-B2A8-399B16A9D2AD}.Debug|Any CPU.ActiveCfg = Debug|Any CPU
		{60EBBB9A-836E-4838-B2A8-399B16A9D2AD}.Debug|Any CPU.Build.0 = Debug|Any CPU
		{60EBBB9A-836E-4838-B2A8-399B16A9D2AD}.Debug|x64.ActiveCfg = Debug|Any CPU
		{60EBBB9A-836E-4838-B2A8-399B16A9D2AD}.Debug|x64.Build.0 = Debug|Any CPU
		{60EBBB9A-836E-4838-B2A8-399B16A9D2AD}.Debug|x86.ActiveCfg = Debug|Any CPU
		{60EBBB9A-836E-4838-B2A8-399B16A9D2AD}.Debug|x86.Build.0 = Debug|Any CPU
		{60EBBB9A-836E-4838-B2A8-399B16A9D2AD}.Release|Any CPU.ActiveCfg = Release|Any CPU
		{60EBBB9A-836E-4838-B2A8-399B16A9D2AD}.Release|Any CPU.Build.0 = Release|Any CPU
		{60EBBB9A-836E-4838-B2A8-399B16A9D2AD}.Release|x64.ActiveCfg = Release|Any CPU
		{60EBBB9A-836E-4838-B2A8-399B16A9D2AD}.Release|x64.Build.0 = Release|Any CPU
		{60EBBB9A-836E-4838-B2A8-399B16A9D2AD}.Release|x86.ActiveCfg = Release|Any CPU
		{60EBBB9A-836E-4838-B2A8-399B16A9D2AD}.Release|x86.Build.0 = Release|Any CPU
		{D10A967F-A80D-452B-ADC1-129A6902CE09}.Debug|Any CPU.ActiveCfg = Debug|Any CPU
		{D10A967F-A80D-452B-ADC1-129A6902CE09}.Debug|Any CPU.Build.0 = Debug|Any CPU
		{D10A967F-A80D-452B-ADC1-129A6902CE09}.Debug|x64.ActiveCfg = Debug|Any CPU
		{D10A967F-A80D-452B-ADC1-129A6902CE09}.Debug|x64.Build.0 = Debug|Any CPU
		{D10A967F-A80D-452B-ADC1-129A6902CE09}.Debug|x86.ActiveCfg = Debug|Any CPU
		{D10A967F-A80D-452B-ADC1-129A6902CE09}.Debug|x86.Build.0 = Debug|Any CPU
		{D10A967F-A80D-452B-ADC1-129A6902CE09}.Release|Any CPU.ActiveCfg = Release|Any CPU
		{D10A967F-A80D-452B-ADC1-129A6902CE09}.Release|Any CPU.Build.0 = Release|Any CPU
		{D10A967F-A80D-452B-ADC1-129A6902CE09}.Release|x64.ActiveCfg = Release|Any CPU
		{D10A967F-A80D-452B-ADC1-129A6902CE09}.Release|x64.Build.0 = Release|Any CPU
		{D10A967F-A80D-452B-ADC1-129A6902CE09}.Release|x86.ActiveCfg = Release|Any CPU
		{D10A967F-A80D-452B-ADC1-129A6902CE09}.Release|x86.Build.0 = Release|Any CPU
		{99CC7516-680A-45F3-BA4D-4C7385527A63}.Debug|Any CPU.ActiveCfg = Debug|Any CPU
		{99CC7516-680A-45F3-BA4D-4C7385527A63}.Debug|Any CPU.Build.0 = Debug|Any CPU
		{99CC7516-680A-45F3-BA4D-4C7385527A63}.Debug|x64.ActiveCfg = Debug|Any CPU
		{99CC7516-680A-45F3-BA4D-4C7385527A63}.Debug|x64.Build.0 = Debug|Any CPU
		{99CC7516-680A-45F3-BA4D-4C7385527A63}.Debug|x86.ActiveCfg = Debug|Any CPU
		{99CC7516-680A-45F3-BA4D-4C7385527A63}.Debug|x86.Build.0 = Debug|Any CPU
		{99CC7516-680A-45F3-BA4D-4C7385527A63}.Release|Any CPU.ActiveCfg = Release|Any CPU
		{99CC7516-680A-45F3-BA4D-4C7385527A63}.Release|Any CPU.Build.0 = Release|Any CPU
		{99CC7516-680A-45F3-BA4D-4C7385527A63}.Release|x64.ActiveCfg = Release|Any CPU
		{99CC7516-680A-45F3-BA4D-4C7385527A63}.Release|x64.Build.0 = Release|Any CPU
		{99CC7516-680A-45F3-BA4D-4C7385527A63}.Release|x86.ActiveCfg = Release|Any CPU
		{99CC7516-680A-45F3-BA4D-4C7385527A63}.Release|x86.Build.0 = Release|Any CPU
		{CB7EE34B-46BB-4F86-8428-9F0A4BE587F8}.Debug|Any CPU.ActiveCfg = Debug|Any CPU
		{CB7EE34B-46BB-4F86-8428-9F0A4BE587F8}.Debug|Any CPU.Build.0 = Debug|Any CPU
		{CB7EE34B-46BB-4F86-8428-9F0A4BE587F8}.Debug|x64.ActiveCfg = Debug|Any CPU
		{CB7EE34B-46BB-4F86-8428-9F0A4BE587F8}.Debug|x64.Build.0 = Debug|Any CPU
		{CB7EE34B-46BB-4F86-8428-9F0A4BE587F8}.Debug|x86.ActiveCfg = Debug|Any CPU
		{CB7EE34B-46BB-4F86-8428-9F0A4BE587F8}.Debug|x86.Build.0 = Debug|Any CPU
		{CB7EE34B-46BB-4F86-8428-9F0A4BE587F8}.Release|Any CPU.ActiveCfg = Release|Any CPU
		{CB7EE34B-46BB-4F86-8428-9F0A4BE587F8}.Release|Any CPU.Build.0 = Release|Any CPU
		{CB7EE34B-46BB-4F86-8428-9F0A4BE587F8}.Release|x64.ActiveCfg = Release|Any CPU
		{CB7EE34B-46BB-4F86-8428-9F0A4BE587F8}.Release|x64.Build.0 = Release|Any CPU
		{CB7EE34B-46BB-4F86-8428-9F0A4BE587F8}.Release|x86.ActiveCfg = Release|Any CPU
		{CB7EE34B-46BB-4F86-8428-9F0A4BE587F8}.Release|x86.Build.0 = Release|Any CPU
		{CF064FDD-5AD6-45D2-AC82-BA594B9E2EEB}.Debug|Any CPU.ActiveCfg = Debug|Any CPU
		{CF064FDD-5AD6-45D2-AC82-BA594B9E2EEB}.Debug|Any CPU.Build.0 = Debug|Any CPU
		{CF064FDD-5AD6-45D2-AC82-BA594B9E2EEB}.Debug|x64.ActiveCfg = Debug|Any CPU
		{CF064FDD-5AD6-45D2-AC82-BA594B9E2EEB}.Debug|x64.Build.0 = Debug|Any CPU
		{CF064FDD-5AD6-45D2-AC82-BA594B9E2EEB}.Debug|x86.ActiveCfg = Debug|Any CPU
		{CF064FDD-5AD6-45D2-AC82-BA594B9E2EEB}.Debug|x86.Build.0 = Debug|Any CPU
		{CF064FDD-5AD6-45D2-AC82-BA594B9E2EEB}.Release|Any CPU.ActiveCfg = Release|Any CPU
		{CF064FDD-5AD6-45D2-AC82-BA594B9E2EEB}.Release|Any CPU.Build.0 = Release|Any CPU
		{CF064FDD-5AD6-45D2-AC82-BA594B9E2EEB}.Release|x64.ActiveCfg = Release|Any CPU
		{CF064FDD-5AD6-45D2-AC82-BA594B9E2EEB}.Release|x64.Build.0 = Release|Any CPU
		{CF064FDD-5AD6-45D2-AC82-BA594B9E2EEB}.Release|x86.ActiveCfg = Release|Any CPU
		{CF064FDD-5AD6-45D2-AC82-BA594B9E2EEB}.Release|x86.Build.0 = Release|Any CPU
		{D4EF7770-7EC1-4C4B-9D35-F883AA09996C}.Debug|Any CPU.ActiveCfg = Debug|Any CPU
		{D4EF7770-7EC1-4C4B-9D35-F883AA09996C}.Debug|Any CPU.Build.0 = Debug|Any CPU
		{D4EF7770-7EC1-4C4B-9D35-F883AA09996C}.Debug|x64.ActiveCfg = Debug|Any CPU
		{D4EF7770-7EC1-4C4B-9D35-F883AA09996C}.Debug|x64.Build.0 = Debug|Any CPU
		{D4EF7770-7EC1-4C4B-9D35-F883AA09996C}.Debug|x86.ActiveCfg = Debug|Any CPU
		{D4EF7770-7EC1-4C4B-9D35-F883AA09996C}.Debug|x86.Build.0 = Debug|Any CPU
		{D4EF7770-7EC1-4C4B-9D35-F883AA09996C}.Release|Any CPU.ActiveCfg = Release|Any CPU
		{D4EF7770-7EC1-4C4B-9D35-F883AA09996C}.Release|Any CPU.Build.0 = Release|Any CPU
		{D4EF7770-7EC1-4C4B-9D35-F883AA09996C}.Release|x64.ActiveCfg = Release|Any CPU
		{D4EF7770-7EC1-4C4B-9D35-F883AA09996C}.Release|x64.Build.0 = Release|Any CPU
		{D4EF7770-7EC1-4C4B-9D35-F883AA09996C}.Release|x86.ActiveCfg = Release|Any CPU
		{D4EF7770-7EC1-4C4B-9D35-F883AA09996C}.Release|x86.Build.0 = Release|Any CPU
		{84B46518-6204-40D2-B072-92B96E5A3608}.Debug|Any CPU.ActiveCfg = Debug|Any CPU
		{84B46518-6204-40D2-B072-92B96E5A3608}.Debug|Any CPU.Build.0 = Debug|Any CPU
		{84B46518-6204-40D2-B072-92B96E5A3608}.Debug|x64.ActiveCfg = Debug|Any CPU
		{84B46518-6204-40D2-B072-92B96E5A3608}.Debug|x64.Build.0 = Debug|Any CPU
		{84B46518-6204-40D2-B072-92B96E5A3608}.Debug|x86.ActiveCfg = Debug|Any CPU
		{84B46518-6204-40D2-B072-92B96E5A3608}.Debug|x86.Build.0 = Debug|Any CPU
		{84B46518-6204-40D2-B072-92B96E5A3608}.Release|Any CPU.ActiveCfg = Release|Any CPU
		{84B46518-6204-40D2-B072-92B96E5A3608}.Release|Any CPU.Build.0 = Release|Any CPU
		{84B46518-6204-40D2-B072-92B96E5A3608}.Release|x64.ActiveCfg = Release|Any CPU
		{84B46518-6204-40D2-B072-92B96E5A3608}.Release|x64.Build.0 = Release|Any CPU
		{84B46518-6204-40D2-B072-92B96E5A3608}.Release|x86.ActiveCfg = Release|Any CPU
		{84B46518-6204-40D2-B072-92B96E5A3608}.Release|x86.Build.0 = Release|Any CPU
		{09DF4BF7-48B5-41FD-A2A1-5678EEDEC2A6}.Debug|Any CPU.ActiveCfg = Debug|Any CPU
		{09DF4BF7-48B5-41FD-A2A1-5678EEDEC2A6}.Debug|Any CPU.Build.0 = Debug|Any CPU
		{09DF4BF7-48B5-41FD-A2A1-5678EEDEC2A6}.Debug|x64.ActiveCfg = Debug|Any CPU
		{09DF4BF7-48B5-41FD-A2A1-5678EEDEC2A6}.Debug|x64.Build.0 = Debug|Any CPU
		{09DF4BF7-48B5-41FD-A2A1-5678EEDEC2A6}.Debug|x86.ActiveCfg = Debug|Any CPU
		{09DF4BF7-48B5-41FD-A2A1-5678EEDEC2A6}.Debug|x86.Build.0 = Debug|Any CPU
		{09DF4BF7-48B5-41FD-A2A1-5678EEDEC2A6}.Release|Any CPU.ActiveCfg = Release|Any CPU
		{09DF4BF7-48B5-41FD-A2A1-5678EEDEC2A6}.Release|Any CPU.Build.0 = Release|Any CPU
		{09DF4BF7-48B5-41FD-A2A1-5678EEDEC2A6}.Release|x64.ActiveCfg = Release|Any CPU
		{09DF4BF7-48B5-41FD-A2A1-5678EEDEC2A6}.Release|x64.Build.0 = Release|Any CPU
		{09DF4BF7-48B5-41FD-A2A1-5678EEDEC2A6}.Release|x86.ActiveCfg = Release|Any CPU
		{09DF4BF7-48B5-41FD-A2A1-5678EEDEC2A6}.Release|x86.Build.0 = Release|Any CPU
		{F42C921D-571B-463E-9E1D-1FF5B48492E4}.Debug|Any CPU.ActiveCfg = Debug|Any CPU
		{F42C921D-571B-463E-9E1D-1FF5B48492E4}.Debug|Any CPU.Build.0 = Debug|Any CPU
		{F42C921D-571B-463E-9E1D-1FF5B48492E4}.Debug|x64.ActiveCfg = Debug|Any CPU
		{F42C921D-571B-463E-9E1D-1FF5B48492E4}.Debug|x64.Build.0 = Debug|Any CPU
		{F42C921D-571B-463E-9E1D-1FF5B48492E4}.Debug|x86.ActiveCfg = Debug|Any CPU
		{F42C921D-571B-463E-9E1D-1FF5B48492E4}.Debug|x86.Build.0 = Debug|Any CPU
		{F42C921D-571B-463E-9E1D-1FF5B48492E4}.Release|Any CPU.ActiveCfg = Release|Any CPU
		{F42C921D-571B-463E-9E1D-1FF5B48492E4}.Release|Any CPU.Build.0 = Release|Any CPU
		{F42C921D-571B-463E-9E1D-1FF5B48492E4}.Release|x64.ActiveCfg = Release|Any CPU
		{F42C921D-571B-463E-9E1D-1FF5B48492E4}.Release|x64.Build.0 = Release|Any CPU
		{F42C921D-571B-463E-9E1D-1FF5B48492E4}.Release|x86.ActiveCfg = Release|Any CPU
		{F42C921D-571B-463E-9E1D-1FF5B48492E4}.Release|x86.Build.0 = Release|Any CPU
		{6CAC448E-8F31-4F55-B7B1-E248E4FB8A68}.Debug|Any CPU.ActiveCfg = Debug|Any CPU
		{6CAC448E-8F31-4F55-B7B1-E248E4FB8A68}.Debug|Any CPU.Build.0 = Debug|Any CPU
		{6CAC448E-8F31-4F55-B7B1-E248E4FB8A68}.Debug|x64.ActiveCfg = Debug|Any CPU
		{6CAC448E-8F31-4F55-B7B1-E248E4FB8A68}.Debug|x64.Build.0 = Debug|Any CPU
		{6CAC448E-8F31-4F55-B7B1-E248E4FB8A68}.Debug|x86.ActiveCfg = Debug|Any CPU
		{6CAC448E-8F31-4F55-B7B1-E248E4FB8A68}.Debug|x86.Build.0 = Debug|Any CPU
		{6CAC448E-8F31-4F55-B7B1-E248E4FB8A68}.Release|Any CPU.ActiveCfg = Release|Any CPU
		{6CAC448E-8F31-4F55-B7B1-E248E4FB8A68}.Release|Any CPU.Build.0 = Release|Any CPU
		{6CAC448E-8F31-4F55-B7B1-E248E4FB8A68}.Release|x64.ActiveCfg = Release|Any CPU
		{6CAC448E-8F31-4F55-B7B1-E248E4FB8A68}.Release|x64.Build.0 = Release|Any CPU
		{6CAC448E-8F31-4F55-B7B1-E248E4FB8A68}.Release|x86.ActiveCfg = Release|Any CPU
		{6CAC448E-8F31-4F55-B7B1-E248E4FB8A68}.Release|x86.Build.0 = Release|Any CPU
		{27DE52D9-B36F-4BD3-9559-38BCDF1402EC}.Debug|Any CPU.ActiveCfg = Debug|Any CPU
		{27DE52D9-B36F-4BD3-9559-38BCDF1402EC}.Debug|Any CPU.Build.0 = Debug|Any CPU
		{27DE52D9-B36F-4BD3-9559-38BCDF1402EC}.Debug|x64.ActiveCfg = Debug|Any CPU
		{27DE52D9-B36F-4BD3-9559-38BCDF1402EC}.Debug|x64.Build.0 = Debug|Any CPU
		{27DE52D9-B36F-4BD3-9559-38BCDF1402EC}.Debug|x86.ActiveCfg = Debug|Any CPU
		{27DE52D9-B36F-4BD3-9559-38BCDF1402EC}.Debug|x86.Build.0 = Debug|Any CPU
		{27DE52D9-B36F-4BD3-9559-38BCDF1402EC}.Release|Any CPU.ActiveCfg = Release|Any CPU
		{27DE52D9-B36F-4BD3-9559-38BCDF1402EC}.Release|Any CPU.Build.0 = Release|Any CPU
		{27DE52D9-B36F-4BD3-9559-38BCDF1402EC}.Release|x64.ActiveCfg = Release|Any CPU
		{27DE52D9-B36F-4BD3-9559-38BCDF1402EC}.Release|x64.Build.0 = Release|Any CPU
		{27DE52D9-B36F-4BD3-9559-38BCDF1402EC}.Release|x86.ActiveCfg = Release|Any CPU
		{27DE52D9-B36F-4BD3-9559-38BCDF1402EC}.Release|x86.Build.0 = Release|Any CPU
		{9ECE523C-DDBA-410B-B2E2-31EE9E54AAF3}.Debug|Any CPU.ActiveCfg = Debug|Any CPU
		{9ECE523C-DDBA-410B-B2E2-31EE9E54AAF3}.Debug|Any CPU.Build.0 = Debug|Any CPU
		{9ECE523C-DDBA-410B-B2E2-31EE9E54AAF3}.Debug|x64.ActiveCfg = Debug|Any CPU
		{9ECE523C-DDBA-410B-B2E2-31EE9E54AAF3}.Debug|x64.Build.0 = Debug|Any CPU
		{9ECE523C-DDBA-410B-B2E2-31EE9E54AAF3}.Debug|x86.ActiveCfg = Debug|Any CPU
		{9ECE523C-DDBA-410B-B2E2-31EE9E54AAF3}.Debug|x86.Build.0 = Debug|Any CPU
		{9ECE523C-DDBA-410B-B2E2-31EE9E54AAF3}.Release|Any CPU.ActiveCfg = Release|Any CPU
		{9ECE523C-DDBA-410B-B2E2-31EE9E54AAF3}.Release|Any CPU.Build.0 = Release|Any CPU
		{9ECE523C-DDBA-410B-B2E2-31EE9E54AAF3}.Release|x64.ActiveCfg = Release|Any CPU
		{9ECE523C-DDBA-410B-B2E2-31EE9E54AAF3}.Release|x64.Build.0 = Release|Any CPU
		{9ECE523C-DDBA-410B-B2E2-31EE9E54AAF3}.Release|x86.ActiveCfg = Release|Any CPU
		{9ECE523C-DDBA-410B-B2E2-31EE9E54AAF3}.Release|x86.Build.0 = Release|Any CPU
		{2490184D-E94D-4EBD-877D-CBE815E6D055}.Debug|Any CPU.ActiveCfg = Debug|Any CPU
		{2490184D-E94D-4EBD-877D-CBE815E6D055}.Debug|Any CPU.Build.0 = Debug|Any CPU
		{2490184D-E94D-4EBD-877D-CBE815E6D055}.Debug|x64.ActiveCfg = Debug|Any CPU
		{2490184D-E94D-4EBD-877D-CBE815E6D055}.Debug|x64.Build.0 = Debug|Any CPU
		{2490184D-E94D-4EBD-877D-CBE815E6D055}.Debug|x86.ActiveCfg = Debug|Any CPU
		{2490184D-E94D-4EBD-877D-CBE815E6D055}.Debug|x86.Build.0 = Debug|Any CPU
		{2490184D-E94D-4EBD-877D-CBE815E6D055}.Release|Any CPU.ActiveCfg = Release|Any CPU
		{2490184D-E94D-4EBD-877D-CBE815E6D055}.Release|Any CPU.Build.0 = Release|Any CPU
		{2490184D-E94D-4EBD-877D-CBE815E6D055}.Release|x64.ActiveCfg = Release|Any CPU
		{2490184D-E94D-4EBD-877D-CBE815E6D055}.Release|x64.Build.0 = Release|Any CPU
		{2490184D-E94D-4EBD-877D-CBE815E6D055}.Release|x86.ActiveCfg = Release|Any CPU
		{2490184D-E94D-4EBD-877D-CBE815E6D055}.Release|x86.Build.0 = Release|Any CPU
		{4E6067A0-BFE3-4800-B4B8-D760F776FFD4}.Debug|Any CPU.ActiveCfg = Debug|Any CPU
		{4E6067A0-BFE3-4800-B4B8-D760F776FFD4}.Debug|Any CPU.Build.0 = Debug|Any CPU
		{4E6067A0-BFE3-4800-B4B8-D760F776FFD4}.Debug|x64.ActiveCfg = Debug|Any CPU
		{4E6067A0-BFE3-4800-B4B8-D760F776FFD4}.Debug|x64.Build.0 = Debug|Any CPU
		{4E6067A0-BFE3-4800-B4B8-D760F776FFD4}.Debug|x86.ActiveCfg = Debug|Any CPU
		{4E6067A0-BFE3-4800-B4B8-D760F776FFD4}.Debug|x86.Build.0 = Debug|Any CPU
		{4E6067A0-BFE3-4800-B4B8-D760F776FFD4}.Release|Any CPU.ActiveCfg = Release|Any CPU
		{4E6067A0-BFE3-4800-B4B8-D760F776FFD4}.Release|Any CPU.Build.0 = Release|Any CPU
		{4E6067A0-BFE3-4800-B4B8-D760F776FFD4}.Release|x64.ActiveCfg = Release|Any CPU
		{4E6067A0-BFE3-4800-B4B8-D760F776FFD4}.Release|x64.Build.0 = Release|Any CPU
		{4E6067A0-BFE3-4800-B4B8-D760F776FFD4}.Release|x86.ActiveCfg = Release|Any CPU
		{4E6067A0-BFE3-4800-B4B8-D760F776FFD4}.Release|x86.Build.0 = Release|Any CPU
		{BFED4BB9-0AAE-47C8-AC30-4D3C6CB31251}.Debug|Any CPU.ActiveCfg = Debug|Any CPU
		{BFED4BB9-0AAE-47C8-AC30-4D3C6CB31251}.Debug|Any CPU.Build.0 = Debug|Any CPU
		{BFED4BB9-0AAE-47C8-AC30-4D3C6CB31251}.Debug|x64.ActiveCfg = Debug|Any CPU
		{BFED4BB9-0AAE-47C8-AC30-4D3C6CB31251}.Debug|x64.Build.0 = Debug|Any CPU
		{BFED4BB9-0AAE-47C8-AC30-4D3C6CB31251}.Debug|x86.ActiveCfg = Debug|Any CPU
		{BFED4BB9-0AAE-47C8-AC30-4D3C6CB31251}.Debug|x86.Build.0 = Debug|Any CPU
		{BFED4BB9-0AAE-47C8-AC30-4D3C6CB31251}.Release|Any CPU.ActiveCfg = Release|Any CPU
		{BFED4BB9-0AAE-47C8-AC30-4D3C6CB31251}.Release|Any CPU.Build.0 = Release|Any CPU
		{BFED4BB9-0AAE-47C8-AC30-4D3C6CB31251}.Release|x64.ActiveCfg = Release|Any CPU
		{BFED4BB9-0AAE-47C8-AC30-4D3C6CB31251}.Release|x64.Build.0 = Release|Any CPU
		{BFED4BB9-0AAE-47C8-AC30-4D3C6CB31251}.Release|x86.ActiveCfg = Release|Any CPU
		{BFED4BB9-0AAE-47C8-AC30-4D3C6CB31251}.Release|x86.Build.0 = Release|Any CPU
		{2A369533-2275-44D9-BD73-C9406113F47F}.Debug|Any CPU.ActiveCfg = Debug|Any CPU
		{2A369533-2275-44D9-BD73-C9406113F47F}.Debug|Any CPU.Build.0 = Debug|Any CPU
		{2A369533-2275-44D9-BD73-C9406113F47F}.Debug|x64.ActiveCfg = Debug|Any CPU
		{2A369533-2275-44D9-BD73-C9406113F47F}.Debug|x64.Build.0 = Debug|Any CPU
		{2A369533-2275-44D9-BD73-C9406113F47F}.Debug|x86.ActiveCfg = Debug|Any CPU
		{2A369533-2275-44D9-BD73-C9406113F47F}.Debug|x86.Build.0 = Debug|Any CPU
		{2A369533-2275-44D9-BD73-C9406113F47F}.Release|Any CPU.ActiveCfg = Release|Any CPU
		{2A369533-2275-44D9-BD73-C9406113F47F}.Release|Any CPU.Build.0 = Release|Any CPU
		{2A369533-2275-44D9-BD73-C9406113F47F}.Release|x64.ActiveCfg = Release|Any CPU
		{2A369533-2275-44D9-BD73-C9406113F47F}.Release|x64.Build.0 = Release|Any CPU
		{2A369533-2275-44D9-BD73-C9406113F47F}.Release|x86.ActiveCfg = Release|Any CPU
		{2A369533-2275-44D9-BD73-C9406113F47F}.Release|x86.Build.0 = Release|Any CPU
		{A525A34F-79FA-4B9C-8045-3C8E8761597C}.Debug|Any CPU.ActiveCfg = Debug|Any CPU
		{A525A34F-79FA-4B9C-8045-3C8E8761597C}.Debug|Any CPU.Build.0 = Debug|Any CPU
		{A525A34F-79FA-4B9C-8045-3C8E8761597C}.Debug|x64.ActiveCfg = Debug|Any CPU
		{A525A34F-79FA-4B9C-8045-3C8E8761597C}.Debug|x64.Build.0 = Debug|Any CPU
		{A525A34F-79FA-4B9C-8045-3C8E8761597C}.Debug|x86.ActiveCfg = Debug|Any CPU
		{A525A34F-79FA-4B9C-8045-3C8E8761597C}.Debug|x86.Build.0 = Debug|Any CPU
		{A525A34F-79FA-4B9C-8045-3C8E8761597C}.Release|Any CPU.ActiveCfg = Release|Any CPU
		{A525A34F-79FA-4B9C-8045-3C8E8761597C}.Release|Any CPU.Build.0 = Release|Any CPU
		{A525A34F-79FA-4B9C-8045-3C8E8761597C}.Release|x64.ActiveCfg = Release|Any CPU
		{A525A34F-79FA-4B9C-8045-3C8E8761597C}.Release|x64.Build.0 = Release|Any CPU
		{A525A34F-79FA-4B9C-8045-3C8E8761597C}.Release|x86.ActiveCfg = Release|Any CPU
		{A525A34F-79FA-4B9C-8045-3C8E8761597C}.Release|x86.Build.0 = Release|Any CPU
		{6FB93CA8-FB10-4F17-AD01-7C14C467D6D6}.Debug|Any CPU.ActiveCfg = Debug|Any CPU
		{6FB93CA8-FB10-4F17-AD01-7C14C467D6D6}.Debug|Any CPU.Build.0 = Debug|Any CPU
		{6FB93CA8-FB10-4F17-AD01-7C14C467D6D6}.Debug|x64.ActiveCfg = Debug|Any CPU
		{6FB93CA8-FB10-4F17-AD01-7C14C467D6D6}.Debug|x64.Build.0 = Debug|Any CPU
		{6FB93CA8-FB10-4F17-AD01-7C14C467D6D6}.Debug|x86.ActiveCfg = Debug|Any CPU
		{6FB93CA8-FB10-4F17-AD01-7C14C467D6D6}.Debug|x86.Build.0 = Debug|Any CPU
		{6FB93CA8-FB10-4F17-AD01-7C14C467D6D6}.Release|Any CPU.ActiveCfg = Release|Any CPU
		{6FB93CA8-FB10-4F17-AD01-7C14C467D6D6}.Release|Any CPU.Build.0 = Release|Any CPU
		{6FB93CA8-FB10-4F17-AD01-7C14C467D6D6}.Release|x64.ActiveCfg = Release|Any CPU
		{6FB93CA8-FB10-4F17-AD01-7C14C467D6D6}.Release|x64.Build.0 = Release|Any CPU
		{6FB93CA8-FB10-4F17-AD01-7C14C467D6D6}.Release|x86.ActiveCfg = Release|Any CPU
		{6FB93CA8-FB10-4F17-AD01-7C14C467D6D6}.Release|x86.Build.0 = Release|Any CPU
		{4E5A5266-3AAE-42C5-8D80-AB757D20BACB}.Debug|Any CPU.ActiveCfg = Debug|Any CPU
		{4E5A5266-3AAE-42C5-8D80-AB757D20BACB}.Debug|Any CPU.Build.0 = Debug|Any CPU
		{4E5A5266-3AAE-42C5-8D80-AB757D20BACB}.Debug|x64.ActiveCfg = Debug|Any CPU
		{4E5A5266-3AAE-42C5-8D80-AB757D20BACB}.Debug|x64.Build.0 = Debug|Any CPU
		{4E5A5266-3AAE-42C5-8D80-AB757D20BACB}.Debug|x86.ActiveCfg = Debug|Any CPU
		{4E5A5266-3AAE-42C5-8D80-AB757D20BACB}.Debug|x86.Build.0 = Debug|Any CPU
		{4E5A5266-3AAE-42C5-8D80-AB757D20BACB}.Release|Any CPU.ActiveCfg = Release|Any CPU
		{4E5A5266-3AAE-42C5-8D80-AB757D20BACB}.Release|Any CPU.Build.0 = Release|Any CPU
		{4E5A5266-3AAE-42C5-8D80-AB757D20BACB}.Release|x64.ActiveCfg = Release|Any CPU
		{4E5A5266-3AAE-42C5-8D80-AB757D20BACB}.Release|x64.Build.0 = Release|Any CPU
		{4E5A5266-3AAE-42C5-8D80-AB757D20BACB}.Release|x86.ActiveCfg = Release|Any CPU
		{4E5A5266-3AAE-42C5-8D80-AB757D20BACB}.Release|x86.Build.0 = Release|Any CPU
		{7160FB8C-C48A-4A2E-933E-25821AA85A9A}.Debug|Any CPU.ActiveCfg = Debug|Any CPU
		{7160FB8C-C48A-4A2E-933E-25821AA85A9A}.Debug|Any CPU.Build.0 = Debug|Any CPU
		{7160FB8C-C48A-4A2E-933E-25821AA85A9A}.Debug|x64.ActiveCfg = Debug|x64
		{7160FB8C-C48A-4A2E-933E-25821AA85A9A}.Debug|x64.Build.0 = Debug|x64
		{7160FB8C-C48A-4A2E-933E-25821AA85A9A}.Debug|x86.ActiveCfg = Debug|x86
		{7160FB8C-C48A-4A2E-933E-25821AA85A9A}.Debug|x86.Build.0 = Debug|x86
		{7160FB8C-C48A-4A2E-933E-25821AA85A9A}.Release|Any CPU.ActiveCfg = Release|Any CPU
		{7160FB8C-C48A-4A2E-933E-25821AA85A9A}.Release|Any CPU.Build.0 = Release|Any CPU
		{7160FB8C-C48A-4A2E-933E-25821AA85A9A}.Release|x64.ActiveCfg = Release|x64
		{7160FB8C-C48A-4A2E-933E-25821AA85A9A}.Release|x64.Build.0 = Release|x64
		{7160FB8C-C48A-4A2E-933E-25821AA85A9A}.Release|x86.ActiveCfg = Release|x86
		{7160FB8C-C48A-4A2E-933E-25821AA85A9A}.Release|x86.Build.0 = Release|x86
		{581E1C25-831F-4C93-9D1A-AF8E3A61EDF9}.Debug|Any CPU.ActiveCfg = Debug|Any CPU
		{581E1C25-831F-4C93-9D1A-AF8E3A61EDF9}.Debug|Any CPU.Build.0 = Debug|Any CPU
		{581E1C25-831F-4C93-9D1A-AF8E3A61EDF9}.Debug|x64.ActiveCfg = Debug|x64
		{581E1C25-831F-4C93-9D1A-AF8E3A61EDF9}.Debug|x64.Build.0 = Debug|x64
		{581E1C25-831F-4C93-9D1A-AF8E3A61EDF9}.Debug|x86.ActiveCfg = Debug|x86
		{581E1C25-831F-4C93-9D1A-AF8E3A61EDF9}.Debug|x86.Build.0 = Debug|x86
		{581E1C25-831F-4C93-9D1A-AF8E3A61EDF9}.Release|Any CPU.ActiveCfg = Release|Any CPU
		{581E1C25-831F-4C93-9D1A-AF8E3A61EDF9}.Release|Any CPU.Build.0 = Release|Any CPU
		{581E1C25-831F-4C93-9D1A-AF8E3A61EDF9}.Release|x64.ActiveCfg = Release|x64
		{581E1C25-831F-4C93-9D1A-AF8E3A61EDF9}.Release|x64.Build.0 = Release|x64
		{581E1C25-831F-4C93-9D1A-AF8E3A61EDF9}.Release|x86.ActiveCfg = Release|x86
		{581E1C25-831F-4C93-9D1A-AF8E3A61EDF9}.Release|x86.Build.0 = Release|x86
		{F38E5C96-5A12-48AB-AD86-2CF1379F8990}.Debug|Any CPU.ActiveCfg = Debug|Any CPU
		{F38E5C96-5A12-48AB-AD86-2CF1379F8990}.Debug|Any CPU.Build.0 = Debug|Any CPU
		{F38E5C96-5A12-48AB-AD86-2CF1379F8990}.Debug|x64.ActiveCfg = Debug|x64
		{F38E5C96-5A12-48AB-AD86-2CF1379F8990}.Debug|x64.Build.0 = Debug|x64
		{F38E5C96-5A12-48AB-AD86-2CF1379F8990}.Debug|x86.ActiveCfg = Debug|x86
		{F38E5C96-5A12-48AB-AD86-2CF1379F8990}.Debug|x86.Build.0 = Debug|x86
		{F38E5C96-5A12-48AB-AD86-2CF1379F8990}.Release|Any CPU.ActiveCfg = Release|Any CPU
		{F38E5C96-5A12-48AB-AD86-2CF1379F8990}.Release|Any CPU.Build.0 = Release|Any CPU
		{F38E5C96-5A12-48AB-AD86-2CF1379F8990}.Release|x64.ActiveCfg = Release|x64
		{F38E5C96-5A12-48AB-AD86-2CF1379F8990}.Release|x64.Build.0 = Release|x64
		{F38E5C96-5A12-48AB-AD86-2CF1379F8990}.Release|x86.ActiveCfg = Release|x86
		{F38E5C96-5A12-48AB-AD86-2CF1379F8990}.Release|x86.Build.0 = Release|x86
		{2C87EAA2-696F-4EDD-9B9F-B9EF68C658E3}.Debug|Any CPU.ActiveCfg = Debug|Any CPU
		{2C87EAA2-696F-4EDD-9B9F-B9EF68C658E3}.Debug|Any CPU.Build.0 = Debug|Any CPU
		{2C87EAA2-696F-4EDD-9B9F-B9EF68C658E3}.Debug|x64.ActiveCfg = Debug|Any CPU
		{2C87EAA2-696F-4EDD-9B9F-B9EF68C658E3}.Debug|x64.Build.0 = Debug|Any CPU
		{2C87EAA2-696F-4EDD-9B9F-B9EF68C658E3}.Debug|x86.ActiveCfg = Debug|Any CPU
		{2C87EAA2-696F-4EDD-9B9F-B9EF68C658E3}.Debug|x86.Build.0 = Debug|Any CPU
		{2C87EAA2-696F-4EDD-9B9F-B9EF68C658E3}.Release|Any CPU.ActiveCfg = Release|Any CPU
		{2C87EAA2-696F-4EDD-9B9F-B9EF68C658E3}.Release|Any CPU.Build.0 = Release|Any CPU
		{2C87EAA2-696F-4EDD-9B9F-B9EF68C658E3}.Release|x64.ActiveCfg = Release|Any CPU
		{2C87EAA2-696F-4EDD-9B9F-B9EF68C658E3}.Release|x64.Build.0 = Release|Any CPU
		{2C87EAA2-696F-4EDD-9B9F-B9EF68C658E3}.Release|x86.ActiveCfg = Release|Any CPU
		{2C87EAA2-696F-4EDD-9B9F-B9EF68C658E3}.Release|x86.Build.0 = Release|Any CPU
		{E85966C0-B7BA-46AA-98E0-514610A13572}.Debug|Any CPU.ActiveCfg = Debug|Any CPU
		{E85966C0-B7BA-46AA-98E0-514610A13572}.Debug|Any CPU.Build.0 = Debug|Any CPU
		{E85966C0-B7BA-46AA-98E0-514610A13572}.Debug|x64.ActiveCfg = Debug|Any CPU
		{E85966C0-B7BA-46AA-98E0-514610A13572}.Debug|x64.Build.0 = Debug|Any CPU
		{E85966C0-B7BA-46AA-98E0-514610A13572}.Debug|x86.ActiveCfg = Debug|Any CPU
		{E85966C0-B7BA-46AA-98E0-514610A13572}.Debug|x86.Build.0 = Debug|Any CPU
		{E85966C0-B7BA-46AA-98E0-514610A13572}.Release|Any CPU.ActiveCfg = Release|Any CPU
		{E85966C0-B7BA-46AA-98E0-514610A13572}.Release|Any CPU.Build.0 = Release|Any CPU
		{E85966C0-B7BA-46AA-98E0-514610A13572}.Release|x64.ActiveCfg = Release|Any CPU
		{E85966C0-B7BA-46AA-98E0-514610A13572}.Release|x64.Build.0 = Release|Any CPU
		{E85966C0-B7BA-46AA-98E0-514610A13572}.Release|x86.ActiveCfg = Release|Any CPU
		{E85966C0-B7BA-46AA-98E0-514610A13572}.Release|x86.Build.0 = Release|Any CPU
		{6A1ACD7C-AA5F-4E8B-B4B5-486E9AF87D96}.Debug|Any CPU.ActiveCfg = Debug|Any CPU
		{6A1ACD7C-AA5F-4E8B-B4B5-486E9AF87D96}.Debug|Any CPU.Build.0 = Debug|Any CPU
		{6A1ACD7C-AA5F-4E8B-B4B5-486E9AF87D96}.Debug|x64.ActiveCfg = Debug|Any CPU
		{6A1ACD7C-AA5F-4E8B-B4B5-486E9AF87D96}.Debug|x64.Build.0 = Debug|Any CPU
		{6A1ACD7C-AA5F-4E8B-B4B5-486E9AF87D96}.Debug|x86.ActiveCfg = Debug|Any CPU
		{6A1ACD7C-AA5F-4E8B-B4B5-486E9AF87D96}.Debug|x86.Build.0 = Debug|Any CPU
		{6A1ACD7C-AA5F-4E8B-B4B5-486E9AF87D96}.Release|Any CPU.ActiveCfg = Release|Any CPU
		{6A1ACD7C-AA5F-4E8B-B4B5-486E9AF87D96}.Release|Any CPU.Build.0 = Release|Any CPU
		{6A1ACD7C-AA5F-4E8B-B4B5-486E9AF87D96}.Release|x64.ActiveCfg = Release|Any CPU
		{6A1ACD7C-AA5F-4E8B-B4B5-486E9AF87D96}.Release|x64.Build.0 = Release|Any CPU
		{6A1ACD7C-AA5F-4E8B-B4B5-486E9AF87D96}.Release|x86.ActiveCfg = Release|Any CPU
		{6A1ACD7C-AA5F-4E8B-B4B5-486E9AF87D96}.Release|x86.Build.0 = Release|Any CPU
		{1E19322C-A91F-4EDC-98A6-30E0DBFC39BF}.Debug|Any CPU.ActiveCfg = Debug|Any CPU
		{1E19322C-A91F-4EDC-98A6-30E0DBFC39BF}.Debug|Any CPU.Build.0 = Debug|Any CPU
		{1E19322C-A91F-4EDC-98A6-30E0DBFC39BF}.Debug|x64.ActiveCfg = Debug|Any CPU
		{1E19322C-A91F-4EDC-98A6-30E0DBFC39BF}.Debug|x64.Build.0 = Debug|Any CPU
		{1E19322C-A91F-4EDC-98A6-30E0DBFC39BF}.Debug|x86.ActiveCfg = Debug|Any CPU
		{1E19322C-A91F-4EDC-98A6-30E0DBFC39BF}.Debug|x86.Build.0 = Debug|Any CPU
		{1E19322C-A91F-4EDC-98A6-30E0DBFC39BF}.Release|Any CPU.ActiveCfg = Release|Any CPU
		{1E19322C-A91F-4EDC-98A6-30E0DBFC39BF}.Release|Any CPU.Build.0 = Release|Any CPU
		{1E19322C-A91F-4EDC-98A6-30E0DBFC39BF}.Release|x64.ActiveCfg = Release|Any CPU
		{1E19322C-A91F-4EDC-98A6-30E0DBFC39BF}.Release|x64.Build.0 = Release|Any CPU
		{1E19322C-A91F-4EDC-98A6-30E0DBFC39BF}.Release|x86.ActiveCfg = Release|Any CPU
		{1E19322C-A91F-4EDC-98A6-30E0DBFC39BF}.Release|x86.Build.0 = Release|Any CPU
		{6D91029A-BA5E-44B8-B7A9-E707FFB71B71}.Debug|Any CPU.ActiveCfg = Debug|Any CPU
		{6D91029A-BA5E-44B8-B7A9-E707FFB71B71}.Debug|Any CPU.Build.0 = Debug|Any CPU
		{6D91029A-BA5E-44B8-B7A9-E707FFB71B71}.Debug|x64.ActiveCfg = Debug|Any CPU
		{6D91029A-BA5E-44B8-B7A9-E707FFB71B71}.Debug|x64.Build.0 = Debug|Any CPU
		{6D91029A-BA5E-44B8-B7A9-E707FFB71B71}.Debug|x86.ActiveCfg = Debug|Any CPU
		{6D91029A-BA5E-44B8-B7A9-E707FFB71B71}.Debug|x86.Build.0 = Debug|Any CPU
		{6D91029A-BA5E-44B8-B7A9-E707FFB71B71}.Release|Any CPU.ActiveCfg = Release|Any CPU
		{6D91029A-BA5E-44B8-B7A9-E707FFB71B71}.Release|Any CPU.Build.0 = Release|Any CPU
		{6D91029A-BA5E-44B8-B7A9-E707FFB71B71}.Release|x64.ActiveCfg = Release|Any CPU
		{6D91029A-BA5E-44B8-B7A9-E707FFB71B71}.Release|x64.Build.0 = Release|Any CPU
		{6D91029A-BA5E-44B8-B7A9-E707FFB71B71}.Release|x86.ActiveCfg = Release|Any CPU
		{6D91029A-BA5E-44B8-B7A9-E707FFB71B71}.Release|x86.Build.0 = Release|Any CPU
		{5610F8D5-A104-426D-9E88-1DD49153AEF3}.Debug|Any CPU.ActiveCfg = Debug|Any CPU
		{5610F8D5-A104-426D-9E88-1DD49153AEF3}.Debug|Any CPU.Build.0 = Debug|Any CPU
		{5610F8D5-A104-426D-9E88-1DD49153AEF3}.Debug|x64.ActiveCfg = Debug|Any CPU
		{5610F8D5-A104-426D-9E88-1DD49153AEF3}.Debug|x64.Build.0 = Debug|Any CPU
		{5610F8D5-A104-426D-9E88-1DD49153AEF3}.Debug|x86.ActiveCfg = Debug|Any CPU
		{5610F8D5-A104-426D-9E88-1DD49153AEF3}.Debug|x86.Build.0 = Debug|Any CPU
		{5610F8D5-A104-426D-9E88-1DD49153AEF3}.Release|Any CPU.ActiveCfg = Release|Any CPU
		{5610F8D5-A104-426D-9E88-1DD49153AEF3}.Release|Any CPU.Build.0 = Release|Any CPU
		{5610F8D5-A104-426D-9E88-1DD49153AEF3}.Release|x64.ActiveCfg = Release|Any CPU
		{5610F8D5-A104-426D-9E88-1DD49153AEF3}.Release|x64.Build.0 = Release|Any CPU
		{5610F8D5-A104-426D-9E88-1DD49153AEF3}.Release|x86.ActiveCfg = Release|Any CPU
		{5610F8D5-A104-426D-9E88-1DD49153AEF3}.Release|x86.Build.0 = Release|Any CPU
		{8F278531-1A22-4562-8401-2006300496AD}.Debug|Any CPU.ActiveCfg = Debug|Any CPU
		{8F278531-1A22-4562-8401-2006300496AD}.Debug|Any CPU.Build.0 = Debug|Any CPU
		{8F278531-1A22-4562-8401-2006300496AD}.Debug|x64.ActiveCfg = Debug|Any CPU
		{8F278531-1A22-4562-8401-2006300496AD}.Debug|x64.Build.0 = Debug|Any CPU
		{8F278531-1A22-4562-8401-2006300496AD}.Debug|x86.ActiveCfg = Debug|Any CPU
		{8F278531-1A22-4562-8401-2006300496AD}.Debug|x86.Build.0 = Debug|Any CPU
		{8F278531-1A22-4562-8401-2006300496AD}.Release|Any CPU.ActiveCfg = Release|Any CPU
		{8F278531-1A22-4562-8401-2006300496AD}.Release|Any CPU.Build.0 = Release|Any CPU
		{8F278531-1A22-4562-8401-2006300496AD}.Release|x64.ActiveCfg = Release|Any CPU
		{8F278531-1A22-4562-8401-2006300496AD}.Release|x64.Build.0 = Release|Any CPU
		{8F278531-1A22-4562-8401-2006300496AD}.Release|x86.ActiveCfg = Release|Any CPU
		{8F278531-1A22-4562-8401-2006300496AD}.Release|x86.Build.0 = Release|Any CPU
		{6491575F-AA16-4FF5-9671-93A2633A1826}.Debug|Any CPU.ActiveCfg = Debug|Any CPU
		{6491575F-AA16-4FF5-9671-93A2633A1826}.Debug|Any CPU.Build.0 = Debug|Any CPU
		{6491575F-AA16-4FF5-9671-93A2633A1826}.Debug|x64.ActiveCfg = Debug|Any CPU
		{6491575F-AA16-4FF5-9671-93A2633A1826}.Debug|x64.Build.0 = Debug|Any CPU
		{6491575F-AA16-4FF5-9671-93A2633A1826}.Debug|x86.ActiveCfg = Debug|Any CPU
		{6491575F-AA16-4FF5-9671-93A2633A1826}.Debug|x86.Build.0 = Debug|Any CPU
		{6491575F-AA16-4FF5-9671-93A2633A1826}.Release|Any CPU.ActiveCfg = Release|Any CPU
		{6491575F-AA16-4FF5-9671-93A2633A1826}.Release|Any CPU.Build.0 = Release|Any CPU
		{6491575F-AA16-4FF5-9671-93A2633A1826}.Release|x64.ActiveCfg = Release|Any CPU
		{6491575F-AA16-4FF5-9671-93A2633A1826}.Release|x64.Build.0 = Release|Any CPU
		{6491575F-AA16-4FF5-9671-93A2633A1826}.Release|x86.ActiveCfg = Release|Any CPU
		{6491575F-AA16-4FF5-9671-93A2633A1826}.Release|x86.Build.0 = Release|Any CPU
		{CD5301BC-3BEA-4A01-AFAC-73C1270F15CE}.Debug|Any CPU.ActiveCfg = Debug|Any CPU
		{CD5301BC-3BEA-4A01-AFAC-73C1270F15CE}.Debug|Any CPU.Build.0 = Debug|Any CPU
		{CD5301BC-3BEA-4A01-AFAC-73C1270F15CE}.Debug|x64.ActiveCfg = Debug|Any CPU
		{CD5301BC-3BEA-4A01-AFAC-73C1270F15CE}.Debug|x64.Build.0 = Debug|Any CPU
		{CD5301BC-3BEA-4A01-AFAC-73C1270F15CE}.Debug|x86.ActiveCfg = Debug|Any CPU
		{CD5301BC-3BEA-4A01-AFAC-73C1270F15CE}.Debug|x86.Build.0 = Debug|Any CPU
		{CD5301BC-3BEA-4A01-AFAC-73C1270F15CE}.Release|Any CPU.ActiveCfg = Release|Any CPU
		{CD5301BC-3BEA-4A01-AFAC-73C1270F15CE}.Release|Any CPU.Build.0 = Release|Any CPU
		{CD5301BC-3BEA-4A01-AFAC-73C1270F15CE}.Release|x64.ActiveCfg = Release|Any CPU
		{CD5301BC-3BEA-4A01-AFAC-73C1270F15CE}.Release|x64.Build.0 = Release|Any CPU
		{CD5301BC-3BEA-4A01-AFAC-73C1270F15CE}.Release|x86.ActiveCfg = Release|Any CPU
		{CD5301BC-3BEA-4A01-AFAC-73C1270F15CE}.Release|x86.Build.0 = Release|Any CPU
		{6F5E1AA5-6F1A-4AF6-AA4A-EBBBC5AD52D2}.Debug|Any CPU.ActiveCfg = Debug|Any CPU
		{6F5E1AA5-6F1A-4AF6-AA4A-EBBBC5AD52D2}.Debug|Any CPU.Build.0 = Debug|Any CPU
		{6F5E1AA5-6F1A-4AF6-AA4A-EBBBC5AD52D2}.Debug|x64.ActiveCfg = Debug|Any CPU
		{6F5E1AA5-6F1A-4AF6-AA4A-EBBBC5AD52D2}.Debug|x64.Build.0 = Debug|Any CPU
		{6F5E1AA5-6F1A-4AF6-AA4A-EBBBC5AD52D2}.Debug|x86.ActiveCfg = Debug|Any CPU
		{6F5E1AA5-6F1A-4AF6-AA4A-EBBBC5AD52D2}.Debug|x86.Build.0 = Debug|Any CPU
		{6F5E1AA5-6F1A-4AF6-AA4A-EBBBC5AD52D2}.Release|Any CPU.ActiveCfg = Release|Any CPU
		{6F5E1AA5-6F1A-4AF6-AA4A-EBBBC5AD52D2}.Release|Any CPU.Build.0 = Release|Any CPU
		{6F5E1AA5-6F1A-4AF6-AA4A-EBBBC5AD52D2}.Release|x64.ActiveCfg = Release|x64
		{6F5E1AA5-6F1A-4AF6-AA4A-EBBBC5AD52D2}.Release|x64.Build.0 = Release|x64
		{6F5E1AA5-6F1A-4AF6-AA4A-EBBBC5AD52D2}.Release|x86.ActiveCfg = Release|Any CPU
		{6F5E1AA5-6F1A-4AF6-AA4A-EBBBC5AD52D2}.Release|x86.Build.0 = Release|Any CPU
		{3C732FB0-7AC6-4B2C-9047-3AE6BB8C7CD3}.Debug|Any CPU.ActiveCfg = Debug|Any CPU
		{3C732FB0-7AC6-4B2C-9047-3AE6BB8C7CD3}.Debug|Any CPU.Build.0 = Debug|Any CPU
		{3C732FB0-7AC6-4B2C-9047-3AE6BB8C7CD3}.Debug|x64.ActiveCfg = Debug|x64
		{3C732FB0-7AC6-4B2C-9047-3AE6BB8C7CD3}.Debug|x64.Build.0 = Debug|x64
		{3C732FB0-7AC6-4B2C-9047-3AE6BB8C7CD3}.Debug|x86.ActiveCfg = Debug|x86
		{3C732FB0-7AC6-4B2C-9047-3AE6BB8C7CD3}.Debug|x86.Build.0 = Debug|x86
		{3C732FB0-7AC6-4B2C-9047-3AE6BB8C7CD3}.Release|Any CPU.ActiveCfg = Release|Any CPU
		{3C732FB0-7AC6-4B2C-9047-3AE6BB8C7CD3}.Release|Any CPU.Build.0 = Release|Any CPU
		{3C732FB0-7AC6-4B2C-9047-3AE6BB8C7CD3}.Release|x64.ActiveCfg = Release|x64
		{3C732FB0-7AC6-4B2C-9047-3AE6BB8C7CD3}.Release|x64.Build.0 = Release|x64
		{3C732FB0-7AC6-4B2C-9047-3AE6BB8C7CD3}.Release|x86.ActiveCfg = Release|x86
		{3C732FB0-7AC6-4B2C-9047-3AE6BB8C7CD3}.Release|x86.Build.0 = Release|x86
		{F515B85D-CF7B-4EA3-AC35-340A23875430}.Debug|Any CPU.ActiveCfg = Debug|Any CPU
		{F515B85D-CF7B-4EA3-AC35-340A23875430}.Debug|Any CPU.Build.0 = Debug|Any CPU
		{F515B85D-CF7B-4EA3-AC35-340A23875430}.Debug|x64.ActiveCfg = Debug|Any CPU
		{F515B85D-CF7B-4EA3-AC35-340A23875430}.Debug|x64.Build.0 = Debug|Any CPU
		{F515B85D-CF7B-4EA3-AC35-340A23875430}.Debug|x86.ActiveCfg = Debug|Any CPU
		{F515B85D-CF7B-4EA3-AC35-340A23875430}.Debug|x86.Build.0 = Debug|Any CPU
		{F515B85D-CF7B-4EA3-AC35-340A23875430}.Release|Any CPU.ActiveCfg = Release|Any CPU
		{F515B85D-CF7B-4EA3-AC35-340A23875430}.Release|Any CPU.Build.0 = Release|Any CPU
		{F515B85D-CF7B-4EA3-AC35-340A23875430}.Release|x64.ActiveCfg = Release|Any CPU
		{F515B85D-CF7B-4EA3-AC35-340A23875430}.Release|x64.Build.0 = Release|Any CPU
		{F515B85D-CF7B-4EA3-AC35-340A23875430}.Release|x86.ActiveCfg = Release|Any CPU
		{F515B85D-CF7B-4EA3-AC35-340A23875430}.Release|x86.Build.0 = Release|Any CPU
		{83E4A4F7-1C02-4FC8-BB66-3EFF8F62624F}.Debug|Any CPU.ActiveCfg = Debug|Any CPU
		{83E4A4F7-1C02-4FC8-BB66-3EFF8F62624F}.Debug|Any CPU.Build.0 = Debug|Any CPU
		{83E4A4F7-1C02-4FC8-BB66-3EFF8F62624F}.Debug|x64.ActiveCfg = Debug|Any CPU
		{83E4A4F7-1C02-4FC8-BB66-3EFF8F62624F}.Debug|x64.Build.0 = Debug|Any CPU
		{83E4A4F7-1C02-4FC8-BB66-3EFF8F62624F}.Debug|x86.ActiveCfg = Debug|Any CPU
		{83E4A4F7-1C02-4FC8-BB66-3EFF8F62624F}.Debug|x86.Build.0 = Debug|Any CPU
		{83E4A4F7-1C02-4FC8-BB66-3EFF8F62624F}.Release|Any CPU.ActiveCfg = Release|Any CPU
		{83E4A4F7-1C02-4FC8-BB66-3EFF8F62624F}.Release|Any CPU.Build.0 = Release|Any CPU
		{83E4A4F7-1C02-4FC8-BB66-3EFF8F62624F}.Release|x64.ActiveCfg = Release|Any CPU
		{83E4A4F7-1C02-4FC8-BB66-3EFF8F62624F}.Release|x64.Build.0 = Release|Any CPU
		{83E4A4F7-1C02-4FC8-BB66-3EFF8F62624F}.Release|x86.ActiveCfg = Release|Any CPU
		{83E4A4F7-1C02-4FC8-BB66-3EFF8F62624F}.Release|x86.Build.0 = Release|Any CPU
		{9E5F735F-6F03-46EF-ACFB-1E2F410E1045}.Debug|Any CPU.ActiveCfg = Debug|Any CPU
		{9E5F735F-6F03-46EF-ACFB-1E2F410E1045}.Debug|Any CPU.Build.0 = Debug|Any CPU
		{9E5F735F-6F03-46EF-ACFB-1E2F410E1045}.Debug|x64.ActiveCfg = Debug|Any CPU
		{9E5F735F-6F03-46EF-ACFB-1E2F410E1045}.Debug|x64.Build.0 = Debug|Any CPU
		{9E5F735F-6F03-46EF-ACFB-1E2F410E1045}.Debug|x86.ActiveCfg = Debug|Any CPU
		{9E5F735F-6F03-46EF-ACFB-1E2F410E1045}.Debug|x86.Build.0 = Debug|Any CPU
		{9E5F735F-6F03-46EF-ACFB-1E2F410E1045}.Release|Any CPU.ActiveCfg = Release|Any CPU
		{9E5F735F-6F03-46EF-ACFB-1E2F410E1045}.Release|Any CPU.Build.0 = Release|Any CPU
		{9E5F735F-6F03-46EF-ACFB-1E2F410E1045}.Release|x64.ActiveCfg = Release|Any CPU
		{9E5F735F-6F03-46EF-ACFB-1E2F410E1045}.Release|x64.Build.0 = Release|Any CPU
		{9E5F735F-6F03-46EF-ACFB-1E2F410E1045}.Release|x86.ActiveCfg = Release|Any CPU
		{9E5F735F-6F03-46EF-ACFB-1E2F410E1045}.Release|x86.Build.0 = Release|Any CPU
		{FB186D21-5500-493F-9EDF-CFCD97213427}.Debug|Any CPU.ActiveCfg = Debug|Any CPU
		{FB186D21-5500-493F-9EDF-CFCD97213427}.Debug|Any CPU.Build.0 = Debug|Any CPU
		{FB186D21-5500-493F-9EDF-CFCD97213427}.Debug|x64.ActiveCfg = Debug|Any CPU
		{FB186D21-5500-493F-9EDF-CFCD97213427}.Debug|x64.Build.0 = Debug|Any CPU
		{FB186D21-5500-493F-9EDF-CFCD97213427}.Debug|x86.ActiveCfg = Debug|Any CPU
		{FB186D21-5500-493F-9EDF-CFCD97213427}.Debug|x86.Build.0 = Debug|Any CPU
		{FB186D21-5500-493F-9EDF-CFCD97213427}.Release|Any CPU.ActiveCfg = Release|Any CPU
		{FB186D21-5500-493F-9EDF-CFCD97213427}.Release|Any CPU.Build.0 = Release|Any CPU
		{FB186D21-5500-493F-9EDF-CFCD97213427}.Release|x64.ActiveCfg = Release|Any CPU
		{FB186D21-5500-493F-9EDF-CFCD97213427}.Release|x64.Build.0 = Release|Any CPU
		{FB186D21-5500-493F-9EDF-CFCD97213427}.Release|x86.ActiveCfg = Release|Any CPU
		{FB186D21-5500-493F-9EDF-CFCD97213427}.Release|x86.Build.0 = Release|Any CPU
		{FCEDA311-BC35-44E4-BAD0-8DAB6ED11BA8}.Debug|Any CPU.ActiveCfg = Debug|Any CPU
		{FCEDA311-BC35-44E4-BAD0-8DAB6ED11BA8}.Debug|Any CPU.Build.0 = Debug|Any CPU
		{FCEDA311-BC35-44E4-BAD0-8DAB6ED11BA8}.Debug|x64.ActiveCfg = Debug|Any CPU
		{FCEDA311-BC35-44E4-BAD0-8DAB6ED11BA8}.Debug|x64.Build.0 = Debug|Any CPU
		{FCEDA311-BC35-44E4-BAD0-8DAB6ED11BA8}.Debug|x86.ActiveCfg = Debug|Any CPU
		{FCEDA311-BC35-44E4-BAD0-8DAB6ED11BA8}.Debug|x86.Build.0 = Debug|Any CPU
		{FCEDA311-BC35-44E4-BAD0-8DAB6ED11BA8}.Release|Any CPU.ActiveCfg = Release|Any CPU
		{FCEDA311-BC35-44E4-BAD0-8DAB6ED11BA8}.Release|Any CPU.Build.0 = Release|Any CPU
		{FCEDA311-BC35-44E4-BAD0-8DAB6ED11BA8}.Release|x64.ActiveCfg = Release|Any CPU
		{FCEDA311-BC35-44E4-BAD0-8DAB6ED11BA8}.Release|x64.Build.0 = Release|Any CPU
		{FCEDA311-BC35-44E4-BAD0-8DAB6ED11BA8}.Release|x86.ActiveCfg = Release|Any CPU
		{FCEDA311-BC35-44E4-BAD0-8DAB6ED11BA8}.Release|x86.Build.0 = Release|Any CPU
		{E22EC80C-B828-47E3-920B-D3EC2419E836}.Debug|Any CPU.ActiveCfg = Debug|Any CPU
		{E22EC80C-B828-47E3-920B-D3EC2419E836}.Debug|Any CPU.Build.0 = Debug|Any CPU
		{E22EC80C-B828-47E3-920B-D3EC2419E836}.Debug|x64.ActiveCfg = Debug|Any CPU
		{E22EC80C-B828-47E3-920B-D3EC2419E836}.Debug|x64.Build.0 = Debug|Any CPU
		{E22EC80C-B828-47E3-920B-D3EC2419E836}.Debug|x86.ActiveCfg = Debug|Any CPU
		{E22EC80C-B828-47E3-920B-D3EC2419E836}.Debug|x86.Build.0 = Debug|Any CPU
		{E22EC80C-B828-47E3-920B-D3EC2419E836}.Release|Any CPU.ActiveCfg = Release|Any CPU
		{E22EC80C-B828-47E3-920B-D3EC2419E836}.Release|Any CPU.Build.0 = Release|Any CPU
		{E22EC80C-B828-47E3-920B-D3EC2419E836}.Release|x64.ActiveCfg = Release|Any CPU
		{E22EC80C-B828-47E3-920B-D3EC2419E836}.Release|x64.Build.0 = Release|Any CPU
		{E22EC80C-B828-47E3-920B-D3EC2419E836}.Release|x86.ActiveCfg = Release|Any CPU
		{E22EC80C-B828-47E3-920B-D3EC2419E836}.Release|x86.Build.0 = Release|Any CPU
		{C87D7193-D026-4C49-9B4C-3FB69372C540}.Debug|Any CPU.ActiveCfg = Debug|Any CPU
		{C87D7193-D026-4C49-9B4C-3FB69372C540}.Debug|Any CPU.Build.0 = Debug|Any CPU
		{C87D7193-D026-4C49-9B4C-3FB69372C540}.Debug|x64.ActiveCfg = Debug|Any CPU
		{C87D7193-D026-4C49-9B4C-3FB69372C540}.Debug|x64.Build.0 = Debug|Any CPU
		{C87D7193-D026-4C49-9B4C-3FB69372C540}.Debug|x86.ActiveCfg = Debug|Any CPU
		{C87D7193-D026-4C49-9B4C-3FB69372C540}.Debug|x86.Build.0 = Debug|Any CPU
		{C87D7193-D026-4C49-9B4C-3FB69372C540}.Release|Any CPU.ActiveCfg = Release|Any CPU
		{C87D7193-D026-4C49-9B4C-3FB69372C540}.Release|Any CPU.Build.0 = Release|Any CPU
		{C87D7193-D026-4C49-9B4C-3FB69372C540}.Release|x64.ActiveCfg = Release|Any CPU
		{C87D7193-D026-4C49-9B4C-3FB69372C540}.Release|x64.Build.0 = Release|Any CPU
		{C87D7193-D026-4C49-9B4C-3FB69372C540}.Release|x86.ActiveCfg = Release|Any CPU
		{C87D7193-D026-4C49-9B4C-3FB69372C540}.Release|x86.Build.0 = Release|Any CPU
	EndGlobalSection
	GlobalSection(SolutionProperties) = preSolution
		HideSolutionNode = FALSE
	EndGlobalSection
	GlobalSection(ExtensibilityGlobals) = postSolution
		SolutionGuid = {85EBC6B9-A7B3-4D5E-BABE-2ACA219696C0}
	EndGlobalSection
EndGlobal
